
Microsoft Visual Studio Solution File, Format Version 12.00
# Visual Studio Version 17
VisualStudioVersion = 17.10.35027.167
MinimumVisualStudioVersion = 10.0.40219.1
Project("{FAE04EC0-301F-11D3-BF4B-00C04F79EFBC}") = "OOPExam", "OOPExam\OOPExam.csproj", "{8E4E7D1F-1E57-4A09-992C-15B011C8FF03}"
EndProject
Global
	GlobalSection(SolutionConfigurationPlatforms) = preSolution
		Debug|Any CPU = Debug|Any CPU
		Release|Any CPU = Release|Any CPU
	EndGlobalSection
	GlobalSection(ProjectConfigurationPlatforms) = postSolution
		{8E4E7D1F-1E57-4A09-992C-15B011C8FF03}.Debug|Any CPU.ActiveCfg = Debug|Any CPU
		{8E4E7D1F-1E57-4A09-992C-15B011C8FF03}.Debug|Any CPU.Build.0 = Debug|Any CPU
		{8E4E7D1F-1E57-4A09-992C-15B011C8FF03}.Release|Any CPU.ActiveCfg = Release|Any CPU
		{8E4E7D1F-1E57-4A09-992C-15B011C8FF03}.Release|Any CPU.Build.0 = Release|Any CPU
	EndGlobalSection
	GlobalSection(SolutionProperties) = preSolution
		HideSolutionNode = FALSE
	EndGlobalSection
	GlobalSection(ExtensibilityGlobals) = postSolution
		SolutionGuid = {952396F4-8A1E-48B0-8337-1FF37498A29A}
	EndGlobalSection
EndGlobal
